
Microsoft Visual Studio Solution File, Format Version 12.00
# Visual Studio 15
Project("{FAE04EC0-301F-11D3-BF4B-00C04F79EFBC}") = "Assembly-CSharp", "Assembly-CSharp.csproj", "{B5A025BF-0605-122B-BE9F-CB779BD66420}"
EndProject
Project("{FAE04EC0-301F-11D3-BF4B-00C04F79EFBC}") = "Assembly-CSharp-Editor", "Assembly-CSharp-Editor.csproj", "{84125BBE-6AC4-10F2-B717-6B5DEA20F3A2}"
EndProject
Global
	GlobalSection(SolutionConfigurationPlatforms) = preSolution
		Debug|Any CPU = Debug|Any CPU
		Release|Any CPU = Release|Any CPU
	EndGlobalSection
	GlobalSection(ProjectConfigurationPlatforms) = postSolution
		{B5A025BF-0605-122B-BE9F-CB779BD66420}.Debug|Any CPU.ActiveCfg = Debug|Any CPU
		{B5A025BF-0605-122B-BE9F-CB779BD66420}.Debug|Any CPU.Build.0 = Debug|Any CPU
		{B5A025BF-0605-122B-BE9F-CB779BD66420}.Release|Any CPU.ActiveCfg = Release|Any CPU
		{B5A025BF-0605-122B-BE9F-CB779BD66420}.Release|Any CPU.Build.0 = Release|Any CPU
		{84125BBE-6AC4-10F2-B717-6B5DEA20F3A2}.Debug|Any CPU.ActiveCfg = Debug|Any CPU
		{84125BBE-6AC4-10F2-B717-6B5DEA20F3A2}.Debug|Any CPU.Build.0 = Debug|Any CPU
		{84125BBE-6AC4-10F2-B717-6B5DEA20F3A2}.Release|Any CPU.ActiveCfg = Release|Any CPU
		{84125BBE-6AC4-10F2-B717-6B5DEA20F3A2}.Release|Any CPU.Build.0 = Release|Any CPU
	EndGlobalSection
	GlobalSection(SolutionProperties) = preSolution
		HideSolutionNode = FALSE
	EndGlobalSection
EndGlobal
